
Microsoft Visual Studio Solution File, Format Version 12.00
# Visual Studio Version 17
VisualStudioVersion = 17.0.32014.148
MinimumVisualStudioVersion = 10.0.40219.1
Project("{FAE04EC0-301F-11D3-BF4B-00C04F79EFBC}") = "BlazorAuth.Server", "Server\BlazorAuth.Server.csproj", "{58CC7A64-5E51-49B2-A09C-B9D34D45DE74}"
EndProject
Project("{FAE04EC0-301F-11D3-BF4B-00C04F79EFBC}") = "BlazorAuth.Client", "Client\BlazorAuth.Client.csproj", "{EA316762-6022-4F7A-BD57-C30E2389C23E}"
EndProject
Project("{FAE04EC0-301F-11D3-BF4B-00C04F79EFBC}") = "BlazorAuth.Shared", "Shared\BlazorAuth.Shared.csproj", "{10F853F5-D0BC-494E-BD85-0089B37B42C9}"
EndProject
Global
	GlobalSection(SolutionConfigurationPlatforms) = preSolution
		Debug|Any CPU = Debug|Any CPU
		Release|Any CPU = Release|Any CPU
	EndGlobalSection
	GlobalSection(ProjectConfigurationPlatforms) = postSolution
		{58CC7A64-5E51-49B2-A09C-B9D34D45DE74}.Debug|Any CPU.ActiveCfg = Debug|Any CPU
		{58CC7A64-5E51-49B2-A09C-B9D34D45DE74}.Debug|Any CPU.Build.0 = Debug|Any CPU
		{58CC7A64-5E51-49B2-A09C-B9D34D45DE74}.Release|Any CPU.ActiveCfg = Release|Any CPU
		{58CC7A64-5E51-49B2-A09C-B9D34D45DE74}.Release|Any CPU.Build.0 = Release|Any CPU
		{EA316762-6022-4F7A-BD57-C30E2389C23E}.Debug|Any CPU.ActiveCfg = Debug|Any CPU
		{EA316762-6022-4F7A-BD57-C30E2389C23E}.Debug|Any CPU.Build.0 = Debug|Any CPU
		{EA316762-6022-4F7A-BD57-C30E2389C23E}.Release|Any CPU.ActiveCfg = Release|Any CPU
		{EA316762-6022-4F7A-BD57-C30E2389C23E}.Release|Any CPU.Build.0 = Release|Any CPU
		{10F853F5-D0BC-494E-BD85-0089B37B42C9}.Debug|Any CPU.ActiveCfg = Debug|Any CPU
		{10F853F5-D0BC-494E-BD85-0089B37B42C9}.Debug|Any CPU.Build.0 = Debug|Any CPU
		{10F853F5-D0BC-494E-BD85-0089B37B42C9}.Release|Any CPU.ActiveCfg = Release|Any CPU
		{10F853F5-D0BC-494E-BD85-0089B37B42C9}.Release|Any CPU.Build.0 = Release|Any CPU
	EndGlobalSection
	GlobalSection(SolutionProperties) = preSolution
		HideSolutionNode = FALSE
	EndGlobalSection
	GlobalSection(ExtensibilityGlobals) = postSolution
		SolutionGuid = {35B114C6-9A68-43BA-ADF7-03AF430009FA}
	EndGlobalSection
EndGlobal
